
Microsoft Visual Studio Solution File, Format Version 12.00
# Visual Studio Version 17
VisualStudioVersion = 17.7.34024.191
MinimumVisualStudioVersion = 10.0.40219.1
Project("{FAE04EC0-301F-11D3-BF4B-00C04F79EFBC}") = "TaskManagementAPI", "TaskManagementAPI\TaskManagementAPI.csproj", "{83F63FF0-75E8-4526-A028-E73F636798A5}"
EndProject
Global
	GlobalSection(SolutionConfigurationPlatforms) = preSolution
		Debug|Any CPU = Debug|Any CPU
		Release|Any CPU = Release|Any CPU
	EndGlobalSection
	GlobalSection(ProjectConfigurationPlatforms) = postSolution
		{83F63FF0-75E8-4526-A028-E73F636798A5}.Debug|Any CPU.ActiveCfg = Debug|Any CPU
		{83F63FF0-75E8-4526-A028-E73F636798A5}.Debug|Any CPU.Build.0 = Debug|Any CPU
		{83F63FF0-75E8-4526-A028-E73F636798A5}.Release|Any CPU.ActiveCfg = Release|Any CPU
		{83F63FF0-75E8-4526-A028-E73F636798A5}.Release|Any CPU.Build.0 = Release|Any CPU
	EndGlobalSection
	GlobalSection(SolutionProperties) = preSolution
		HideSolutionNode = FALSE
	EndGlobalSection
	GlobalSection(ExtensibilityGlobals) = postSolution
		SolutionGuid = {0FDA8115-1719-4AB2-8755-83A1729A440F}
	EndGlobalSection
EndGlobal
